// !$*UTF8*$!
{
	archiveVersion = 1;
	classes = {
	};
	objectVersion = 56;
	objects = {

/* Begin PBXBuildFile section */
		7557E7752BB9D98D00BF2FB7 /* AppDelegate.swift in Sources */ = {isa = PBXBuildFile; fileRef = 7557E7742BB9D98D00BF2FB7 /* AppDelegate.swift */; };
		7557E7772BB9D98D00BF2FB7 /* SceneDelegate.swift in Sources */ = {isa = PBXBuildFile; fileRef = 7557E7762BB9D98D00BF2FB7 /* SceneDelegate.swift */; };
		7557E7792BB9D98D00BF2FB7 /* ViewController.swift in Sources */ = {isa = PBXBuildFile; fileRef = 7557E7782BB9D98D00BF2FB7 /* ViewController.swift */; };
		7557E77C2BB9D98D00BF2FB7 /* Base in Resources */ = {isa = PBXBuildFile; fileRef = 7557E77B2BB9D98D00BF2FB7 /* Base */; };
		7557E77E2BB9D98E00BF2FB7 /* Assets.xcassets in Resources */ = {isa = PBXBuildFile; fileRef = 7557E77D2BB9D98E00BF2FB7 /* Assets.xcassets */; };
		7557E7812BB9D98E00BF2FB7 /* Base in Resources */ = {isa = PBXBuildFile; fileRef = 7557E7802BB9D98E00BF2FB7 /* Base */; };
		7557E7892BB9DB4800BF2FB7 /* Artist.swift in Sources */ = {isa = PBXBuildFile; fileRef = 7557E7882BB9DB4800BF2FB7 /* Artist.swift */; };
		75A6CCE82BBA20E500E99634 /* KM_Album.jpeg in Resources */ = {isa = PBXBuildFile; fileRef = 75A6CCDE2BBA20E500E99634 /* KM_Album.jpeg */; };
		75A6CCE92BBA20E500E99634 /* KMason.jpeg in Resources */ = {isa = PBXBuildFile; fileRef = 75A6CCDF2BBA20E500E99634 /* KMason.jpeg */; };
		75A6CCEA2BBA20E500E99634 /* TS_Album.png in Resources */ = {isa = PBXBuildFile; fileRef = 75A6CCE02BBA20E500E99634 /* TS_Album.png */; };
		75A6CCEB2BBA20E500E99634 /* SZA_Album.jpeg in Resources */ = {isa = PBXBuildFile; fileRef = 75A6CCE12BBA20E500E99634 /* SZA_Album.jpeg */; };
		75A6CCEC2BBA20E500E99634 /* 19_album.png in Resources */ = {isa = PBXBuildFile; fileRef = 75A6CCE22BBA20E500E99634 /* 19_album.png */; };
		75A6CCED2BBA20E500E99634 /* TSwift.jpeg in Resources */ = {isa = PBXBuildFile; fileRef = 75A6CCE32BBA20E500E99634 /* TSwift.jpeg */; };
		75A6CCEE2BBA20E500E99634 /* KU_Album.jpeg in Resources */ = {isa = PBXBuildFile; fileRef = 75A6CCE42BBA20E500E99634 /* KU_Album.jpeg */; };
		75A6CCEF2BBA20E500E99634 /* Sza.jpeg in Resources */ = {isa = PBXBuildFile; fileRef = 75A6CCE52BBA20E500E99634 /* Sza.jpeg */; };
		75A6CCF02BBA20E500E99634 /* 1975.jpeg in Resources */ = {isa = PBXBuildFile; fileRef = 75A6CCE62BBA20E500E99634 /* 1975.jpeg */; };
		75A6CCF12BBA20E500E99634 /* KUchis.jpeg in Resources */ = {isa = PBXBuildFile; fileRef = 75A6CCE72BBA20E500E99634 /* KUchis.jpeg */; };
		75A6CCF42BBA37CA00E99634 /* Jhus.jpeg in Resources */ = {isa = PBXBuildFile; fileRef = 75A6CCF22BBA37CA00E99634 /* Jhus.jpeg */; };
		75A6CCF52BBA37CA00E99634 /* JH_album.jpeg in Resources */ = {isa = PBXBuildFile; fileRef = 75A6CCF32BBA37CA00E99634 /* JH_album.jpeg */; };
		75C106ED2BE9666600832027 /* FavoritesViewController.swift in Sources */ = {isa = PBXBuildFile; fileRef = 75C106EC2BE9666600832027 /* FavoritesViewController.swift */; };
		75D7F54B2BE82B9600D46BD9 /* ArtistViewController.swift in Sources */ = {isa = PBXBuildFile; fileRef = 75D7F54A2BE82B9600D46BD9 /* ArtistViewController.swift */; };
		75DA3BFB2BBA5DE300BBA92D /* target_hit.wav in Resources */ = {isa = PBXBuildFile; fileRef = 75DA3BFA2BBA5DE300BBA92D /* target_hit.wav */; };
		75DA3BFD2BBA5DF800BBA92D /* cannon_fire.wav in Resources */ = {isa = PBXBuildFile; fileRef = 75DA3BFC2BBA5DF800BBA92D /* cannon_fire.wav */; };
/* End PBXBuildFile section */

/* Begin PBXFileReference section */
		7557E7712BB9D98D00BF2FB7 /* ArtistRec.app */ = {isa = PBXFileReference; explicitFileType = wrapper.application; includeInIndex = 0; path = ArtistRec.app; sourceTree = BUILT_PRODUCTS_DIR; };
		7557E7742BB9D98D00BF2FB7 /* AppDelegate.swift */ = {isa = PBXFileReference; lastKnownFileType = sourcecode.swift; path = AppDelegate.swift; sourceTree = "<group>"; };
		7557E7762BB9D98D00BF2FB7 /* SceneDelegate.swift */ = {isa = PBXFileReference; lastKnownFileType = sourcecode.swift; path = SceneDelegate.swift; sourceTree = "<group>"; };
		7557E7782BB9D98D00BF2FB7 /* ViewController.swift */ = {isa = PBXFileReference; lastKnownFileType = sourcecode.swift; path = ViewController.swift; sourceTree = "<group>"; };
		7557E77B2BB9D98D00BF2FB7 /* Base */ = {isa = PBXFileReference; lastKnownFileType = file.storyboard; name = Base; path = Base.lproj/Main.storyboard; sourceTree = "<group>"; };
		7557E77D2BB9D98E00BF2FB7 /* Assets.xcassets */ = {isa = PBXFileReference; lastKnownFileType = folder.assetcatalog; path = Assets.xcassets; sourceTree = "<group>"; };
		7557E7802BB9D98E00BF2FB7 /* Base */ = {isa = PBXFileReference; lastKnownFileType = file.storyboard; name = Base; path = Base.lproj/LaunchScreen.storyboard; sourceTree = "<group>"; };
		7557E7822BB9D98E00BF2FB7 /* Info.plist */ = {isa = PBXFileReference; lastKnownFileType = text.plist.xml; path = Info.plist; sourceTree = "<group>"; };
		7557E7882BB9DB4800BF2FB7 /* Artist.swift */ = {isa = PBXFileReference; lastKnownFileType = sourcecode.swift; path = Artist.swift; sourceTree = "<group>"; };
		75A6CCDE2BBA20E500E99634 /* KM_Album.jpeg */ = {isa = PBXFileReference; lastKnownFileType = image.jpeg; path = KM_Album.jpeg; sourceTree = "<group>"; };
		75A6CCDF2BBA20E500E99634 /* KMason.jpeg */ = {isa = PBXFileReference; lastKnownFileType = image.jpeg; path = KMason.jpeg; sourceTree = "<group>"; };
		75A6CCE02BBA20E500E99634 /* TS_Album.png */ = {isa = PBXFileReference; lastKnownFileType = image.png; path = TS_Album.png; sourceTree = "<group>"; };
		75A6CCE12BBA20E500E99634 /* SZA_Album.jpeg */ = {isa = PBXFileReference; lastKnownFileType = image.jpeg; path = SZA_Album.jpeg; sourceTree = "<group>"; };
		75A6CCE22BBA20E500E99634 /* 19_album.png */ = {isa = PBXFileReference; lastKnownFileType = image.png; path = 19_album.png; sourceTree = "<group>"; };
		75A6CCE32BBA20E500E99634 /* TSwift.jpeg */ = {isa = PBXFileReference; lastKnownFileType = image.jpeg; path = TSwift.jpeg; sourceTree = "<group>"; };
		75A6CCE42BBA20E500E99634 /* KU_Album.jpeg */ = {isa = PBXFileReference; lastKnownFileType = image.jpeg; path = KU_Album.jpeg; sourceTree = "<group>"; };
		75A6CCE52BBA20E500E99634 /* Sza.jpeg */ = {isa = PBXFileReference; lastKnownFileType = image.jpeg; path = Sza.jpeg; sourceTree = "<group>"; };
		75A6CCE62BBA20E500E99634 /* 1975.jpeg */ = {isa = PBXFileReference; lastKnownFileType = image.jpeg; path = 1975.jpeg; sourceTree = "<group>"; };
		75A6CCE72BBA20E500E99634 /* KUchis.jpeg */ = {isa = PBXFileReference; lastKnownFileType = image.jpeg; path = KUchis.jpeg; sourceTree = "<group>"; };
		75A6CCF22BBA37CA00E99634 /* Jhus.jpeg */ = {isa = PBXFileReference; lastKnownFileType = image.jpeg; path = Jhus.jpeg; sourceTree = "<group>"; };
		75A6CCF32BBA37CA00E99634 /* JH_album.jpeg */ = {isa = PBXFileReference; lastKnownFileType = image.jpeg; path = JH_album.jpeg; sourceTree = "<group>"; };
		75C106EC2BE9666600832027 /* FavoritesViewController.swift */ = {isa = PBXFileReference; lastKnownFileType = sourcecode.swift; path = FavoritesViewController.swift; sourceTree = "<group>"; };
		75D7F54A2BE82B9600D46BD9 /* ArtistViewController.swift */ = {isa = PBXFileReference; lastKnownFileType = sourcecode.swift; path = ArtistViewController.swift; sourceTree = "<group>"; };
		75DA3BFA2BBA5DE300BBA92D /* target_hit.wav */ = {isa = PBXFileReference; lastKnownFileType = audio.wav; path = target_hit.wav; sourceTree = "<group>"; };
		75DA3BFC2BBA5DF800BBA92D /* cannon_fire.wav */ = {isa = PBXFileReference; lastKnownFileType = audio.wav; path = cannon_fire.wav; sourceTree = "<group>"; };
/* End PBXFileReference section */

/* Begin PBXFrameworksBuildPhase section */
		7557E76E2BB9D98D00BF2FB7 /* Frameworks */ = {
			isa = PBXFrameworksBuildPhase;
			buildActionMask = 2147483647;
			files = (
			);
			runOnlyForDeploymentPostprocessing = 0;
		};
/* End PBXFrameworksBuildPhase section */

/* Begin PBXGroup section */
		7557E7682BB9D98D00BF2FB7 = {
			isa = PBXGroup;
			children = (
				7557E7732BB9D98D00BF2FB7 /* ArtistRec */,
				7557E7722BB9D98D00BF2FB7 /* Products */,
			);
			sourceTree = "<group>";
		};
		7557E7722BB9D98D00BF2FB7 /* Products */ = {
			isa = PBXGroup;
			children = (
				7557E7712BB9D98D00BF2FB7 /* ArtistRec.app */,
			);
			name = Products;
			sourceTree = "<group>";
		};
		7557E7732BB9D98D00BF2FB7 /* ArtistRec */ = {
			isa = PBXGroup;
			children = (
				75D7F54A2BE82B9600D46BD9 /* ArtistViewController.swift */,
				75DA3BFC2BBA5DF800BBA92D /* cannon_fire.wav */,
				75DA3BFA2BBA5DE300BBA92D /* target_hit.wav */,
				75A6CCF32BBA37CA00E99634 /* JH_album.jpeg */,
				75A6CCF22BBA37CA00E99634 /* Jhus.jpeg */,
				75A6CCE22BBA20E500E99634 /* 19_album.png */,
				75A6CCE62BBA20E500E99634 /* 1975.jpeg */,
				75A6CCDE2BBA20E500E99634 /* KM_Album.jpeg */,
				75A6CCDF2BBA20E500E99634 /* KMason.jpeg */,
				75A6CCE42BBA20E500E99634 /* KU_Album.jpeg */,
				75A6CCE72BBA20E500E99634 /* KUchis.jpeg */,
				75A6CCE12BBA20E500E99634 /* SZA_Album.jpeg */,
				75A6CCE52BBA20E500E99634 /* Sza.jpeg */,
				75A6CCE02BBA20E500E99634 /* TS_Album.png */,
				75A6CCE32BBA20E500E99634 /* TSwift.jpeg */,
				7557E7742BB9D98D00BF2FB7 /* AppDelegate.swift */,
				7557E7762BB9D98D00BF2FB7 /* SceneDelegate.swift */,
				7557E7782BB9D98D00BF2FB7 /* ViewController.swift */,
				7557E77A2BB9D98D00BF2FB7 /* Main.storyboard */,
				7557E77D2BB9D98E00BF2FB7 /* Assets.xcassets */,
				7557E77F2BB9D98E00BF2FB7 /* LaunchScreen.storyboard */,
				7557E7822BB9D98E00BF2FB7 /* Info.plist */,
				7557E7882BB9DB4800BF2FB7 /* Artist.swift */,
				75C106EC2BE9666600832027 /* FavoritesViewController.swift */,
			);
			path = ArtistRec;
			sourceTree = "<group>";
		};
/* End PBXGroup section */

/* Begin PBXNativeTarget section */
		7557E7702BB9D98D00BF2FB7 /* ArtistRec */ = {
			isa = PBXNativeTarget;
			buildConfigurationList = 7557E7852BB9D98E00BF2FB7 /* Build configuration list for PBXNativeTarget "ArtistRec" */;
			buildPhases = (
				7557E76D2BB9D98D00BF2FB7 /* Sources */,
				7557E76E2BB9D98D00BF2FB7 /* Frameworks */,
				7557E76F2BB9D98D00BF2FB7 /* Resources */,
			);
			buildRules = (
			);
			dependencies = (
			);
			name = ArtistRec;
			productName = ArtistRec;
			productReference = 7557E7712BB9D98D00BF2FB7 /* ArtistRec.app */;
			productType = "com.apple.product-type.application";
		};
/* End PBXNativeTarget section */

/* Begin PBXProject section */
		7557E7692BB9D98D00BF2FB7 /* Project object */ = {
			isa = PBXProject;
			attributes = {
				BuildIndependentTargetsInParallel = 1;
				LastSwiftUpdateCheck = 1530;
				LastUpgradeCheck = 1530;
				TargetAttributes = {
					7557E7702BB9D98D00BF2FB7 = {
						CreatedOnToolsVersion = 15.3;
					};
				};
			};
			buildConfigurationList = 7557E76C2BB9D98D00BF2FB7 /* Build configuration list for PBXProject "ArtistRec" */;
			compatibilityVersion = "Xcode 14.0";
			developmentRegion = en;
			hasScannedForEncodings = 0;
			knownRegions = (
				en,
				Base,
			);
			mainGroup = 7557E7682BB9D98D00BF2FB7;
			productRefGroup = 7557E7722BB9D98D00BF2FB7 /* Products */;
			projectDirPath = "";
			projectRoot = "";
			targets = (
				7557E7702BB9D98D00BF2FB7 /* ArtistRec */,
			);
		};
/* End PBXProject section */

/* Begin PBXResourcesBuildPhase section */
		7557E76F2BB9D98D00BF2FB7 /* Resources */ = {
			isa = PBXResourcesBuildPhase;
			buildActionMask = 2147483647;
			files = (
				75A6CCED2BBA20E500E99634 /* TSwift.jpeg in Resources */,
				75A6CCEF2BBA20E500E99634 /* Sza.jpeg in Resources */,
				75A6CCE92BBA20E500E99634 /* KMason.jpeg in Resources */,
				75A6CCF02BBA20E500E99634 /* 1975.jpeg in Resources */,
				75A6CCF12BBA20E500E99634 /* KUchis.jpeg in Resources */,
				75DA3BFB2BBA5DE300BBA92D /* target_hit.wav in Resources */,
				75A6CCEC2BBA20E500E99634 /* 19_album.png in Resources */,
				7557E77E2BB9D98E00BF2FB7 /* Assets.xcassets in Resources */,
				75A6CCEA2BBA20E500E99634 /* TS_Album.png in Resources */,
				75A6CCE82BBA20E500E99634 /* KM_Album.jpeg in Resources */,
				75DA3BFD2BBA5DF800BBA92D /* cannon_fire.wav in Resources */,
				75A6CCF42BBA37CA00E99634 /* Jhus.jpeg in Resources */,
				75A6CCF52BBA37CA00E99634 /* JH_album.jpeg in Resources */,
				75A6CCEB2BBA20E500E99634 /* SZA_Album.jpeg in Resources */,
				7557E7812BB9D98E00BF2FB7 /* Base in Resources */,
				7557E77C2BB9D98D00BF2FB7 /* Base in Resources */,
				75A6CCEE2BBA20E500E99634 /* KU_Album.jpeg in Resources */,
			);
			runOnlyForDeploymentPostprocessing = 0;
		};
/* End PBXResourcesBuildPhase section */

/* Begin PBXSourcesBuildPhase section */
		7557E76D2BB9D98D00BF2FB7 /* Sources */ = {
			isa = PBXSourcesBuildPhase;
			buildActionMask = 2147483647;
			files = (
				7557E7792BB9D98D00BF2FB7 /* ViewController.swift in Sources */,
				7557E7752BB9D98D00BF2FB7 /* AppDelegate.swift in Sources */,
				7557E7892BB9DB4800BF2FB7 /* Artist.swift in Sources */,
				7557E7772BB9D98D00BF2FB7 /* SceneDelegate.swift in Sources */,
				75C106ED2BE9666600832027 /* FavoritesViewController.swift in Sources */,
				75D7F54B2BE82B9600D46BD9 /* ArtistViewController.swift in Sources */,
			);
			runOnlyForDeploymentPostprocessing = 0;
		};
/* End PBXSourcesBuildPhase section */

/* Begin PBXVariantGroup section */
		7557E77A2BB9D98D00BF2FB7 /* Main.storyboard */ = {
			isa = PBXVariantGroup;
			children = (
				7557E77B2BB9D98D00BF2FB7 /* Base */,
			);
			name = Main.storyboard;
			sourceTree = "<group>";
		};
		7557E77F2BB9D98E00BF2FB7 /* LaunchScreen.storyboard */ = {
			isa = PBXVariantGroup;
			children = (
				7557E7802BB9D98E00BF2FB7 /* Base */,
			);
			name = LaunchScreen.storyboard;
			sourceTree = "<group>";
		};
/* End PBXVariantGroup section */

/* Begin XCBuildConfiguration section */
		7557E7832BB9D98E00BF2FB7 /* Debug */ = {
			isa = XCBuildConfiguration;
			buildSettings = {
				ALWAYS_SEARCH_USER_PATHS = NO;
				ASSETCATALOG_COMPILER_GENERATE_SWIFT_ASSET_SYMBOL_EXTENSIONS = YES;
				CLANG_ANALYZER_NONNULL = YES;
				CLANG_ANALYZER_NUMBER_OBJECT_CONVERSION = YES_AGGRESSIVE;
				CLANG_CXX_LANGUAGE_STANDARD = "gnu++20";
				CLANG_ENABLE_MODULES = YES;
				CLANG_ENABLE_OBJC_ARC = YES;
				CLANG_ENABLE_OBJC_WEAK = YES;
				CLANG_WARN_BLOCK_CAPTURE_AUTORELEASING = YES;
				CLANG_WARN_BOOL_CONVERSION = YES;
				CLANG_WARN_COMMA = YES;
				CLANG_WARN_CONSTANT_CONVERSION = YES;
				CLANG_WARN_DEPRECATED_OBJC_IMPLEMENTATIONS = YES;
				CLANG_WARN_DIRECT_OBJC_ISA_USAGE = YES_ERROR;
				CLANG_WARN_DOCUMENTATION_COMMENTS = YES;
				CLANG_WARN_EMPTY_BODY = YES;
				CLANG_WARN_ENUM_CONVERSION = YES;
				CLANG_WARN_INFINITE_RECURSION = YES;
				CLANG_WARN_INT_CONVERSION = YES;
				CLANG_WARN_NON_LITERAL_NULL_CONVERSION = YES;
				CLANG_WARN_OBJC_IMPLICIT_RETAIN_SELF = YES;
				CLANG_WARN_OBJC_LITERAL_CONVERSION = YES;
				CLANG_WARN_OBJC_ROOT_CLASS = YES_ERROR;
				CLANG_WARN_QUOTED_INCLUDE_IN_FRAMEWORK_HEADER = YES;
				CLANG_WARN_RANGE_LOOP_ANALYSIS = YES;
				CLANG_WARN_STRICT_PROTOTYPES = YES;
				CLANG_WARN_SUSPICIOUS_MOVE = YES;
				CLANG_WARN_UNGUARDED_AVAILABILITY = YES_AGGRESSIVE;
				CLANG_WARN_UNREACHABLE_CODE = YES;
				CLANG_WARN__DUPLICATE_METHOD_MATCH = YES;
				COPY_PHASE_STRIP = NO;
				DEBUG_INFORMATION_FORMAT = dwarf;
				ENABLE_STRICT_OBJC_MSGSEND = YES;
				ENABLE_TESTABILITY = YES;
				ENABLE_USER_SCRIPT_SANDBOXING = YES;
				GCC_C_LANGUAGE_STANDARD = gnu17;
				GCC_DYNAMIC_NO_PIC = NO;
				GCC_NO_COMMON_BLOCKS = YES;
				GCC_OPTIMIZATION_LEVEL = 0;
				GCC_PREPROCESSOR_DEFINITIONS = (
					"DEBUG=1",
					"$(inherited)",
				);
				GCC_WARN_64_TO_32_BIT_CONVERSION = YES;
				GCC_WARN_ABOUT_RETURN_TYPE = YES_ERROR;
				GCC_WARN_UNDECLARED_SELECTOR = YES;
				GCC_WARN_UNINITIALIZED_AUTOS = YES_AGGRESSIVE;
				GCC_WARN_UNUSED_FUNCTION = YES;
				GCC_WARN_UNUSED_VARIABLE = YES;
				IPHONEOS_DEPLOYMENT_TARGET = 17.4;
				LOCALIZATION_PREFERS_STRING_CATALOGS = YES;
				MTL_ENABLE_DEBUG_INFO = INCLUDE_SOURCE;
				MTL_FAST_MATH = YES;
				ONLY_ACTIVE_ARCH = YES;
				SDKROOT = iphoneos;
				SWIFT_ACTIVE_COMPILATION_CONDITIONS = "DEBUG $(inherited)";
				SWIFT_OPTIMIZATION_LEVEL = "-Onone";
			};
			name = Debug;
		};
		7557E7842BB9D98E00BF2FB7 /* Release */ = {
			isa = XCBuildConfiguration;
			buildSettings = {
				ALWAYS_SEARCH_USER_PATHS = NO;
				ASSETCATALOG_COMPILER_GENERATE_SWIFT_ASSET_SYMBOL_EXTENSIONS = YES;
				CLANG_ANALYZER_NONNULL = YES;
				CLANG_ANALYZER_NUMBER_OBJECT_CONVERSION = YES_AGGRESSIVE;
				CLANG_CXX_LANGUAGE_STANDARD = "gnu++20";
				CLANG_ENABLE_MODULES = YES;
				CLANG_ENABLE_OBJC_ARC = YES;
				CLANG_ENABLE_OBJC_WEAK = YES;
				CLANG_WARN_BLOCK_CAPTURE_AUTORELEASING = YES;
				CLANG_WARN_BOOL_CONVERSION = YES;
				CLANG_WARN_COMMA = YES;
				CLANG_WARN_CONSTANT_CONVERSION = YES;
				CLANG_WARN_DEPRECATED_OBJC_IMPLEMENTATIONS = YES;
				CLANG_WARN_DIRECT_OBJC_ISA_USAGE = YES_ERROR;
				CLANG_WARN_DOCUMENTATION_COMMENTS = YES;
				CLANG_WARN_EMPTY_BODY = YES;
				CLANG_WARN_ENUM_CONVERSION = YES;
				CLANG_WARN_INFINITE_RECURSION = YES;
				CLANG_WARN_INT_CONVERSION = YES;
				CLANG_WARN_NON_LITERAL_NULL_CONVERSION = YES;
				CLANG_WARN_OBJC_IMPLICIT_RETAIN_SELF = YES;
				CLANG_WARN_OBJC_LITERAL_CONVERSION = YES;
				CLANG_WARN_OBJC_ROOT_CLASS = YES_ERROR;
				CLANG_WARN_QUOTED_INCLUDE_IN_FRAMEWORK_HEADER = YES;
				CLANG_WARN_RANGE_LOOP_ANALYSIS = YES;
				CLANG_WARN_STRICT_PROTOTYPES = YES;
				CLANG_WARN_SUSPICIOUS_MOVE = YES;
				CLANG_WARN_UNGUARDED_AVAILABILITY = YES_AGGRESSIVE;
				CLANG_WARN_UNREACHABLE_CODE = YES;
				CLANG_WARN__DUPLICATE_METHOD_MATCH = YES;
				COPY_PHASE_STRIP = NO;
				DEBUG_INFORMATION_FORMAT = "dwarf-with-dsym";
				ENABLE_NS_ASSERTIONS = NO;
				ENABLE_STRICT_OBJC_MSGSEND = YES;
				ENABLE_USER_SCRIPT_SANDBOXING = YES;
				GCC_C_LANGUAGE_STANDARD = gnu17;
				GCC_NO_COMMON_BLOCKS = YES;
				GCC_WARN_64_TO_32_BIT_CONVERSION = YES;
				GCC_WARN_ABOUT_RETURN_TYPE = YES_ERROR;
				GCC_WARN_UNDECLARED_SELECTOR = YES;
				GCC_WARN_UNINITIALIZED_AUTOS = YES_AGGRESSIVE;
				GCC_WARN_UNUSED_FUNCTION = YES;
				GCC_WARN_UNUSED_VARIABLE = YES;
				IPHONEOS_DEPLOYMENT_TARGET = 17.4;
				LOCALIZATION_PREFERS_STRING_CATALOGS = YES;
				MTL_ENABLE_DEBUG_INFO = NO;
				MTL_FAST_MATH = YES;
				SDKROOT = iphoneos;
				SWIFT_COMPILATION_MODE = wholemodule;
				VALIDATE_PRODUCT = YES;
			};
			name = Release;
		};
		7557E7862BB9D98E00BF2FB7 /* Debug */ = {
			isa = XCBuildConfiguration;
			buildSettings = {
				ASSETCATALOG_COMPILER_APPICON_NAME = AppIcon;
				ASSETCATALOG_COMPILER_GLOBAL_ACCENT_COLOR_NAME = AccentColor;
				CODE_SIGN_STYLE = Automatic;
				CURRENT_PROJECT_VERSION = 1;
				GENERATE_INFOPLIST_FILE = YES;
				INFOPLIST_FILE = ArtistRec/Info.plist;
				INFOPLIST_KEY_UIApplicationSupportsIndirectInputEvents = YES;
				INFOPLIST_KEY_UILaunchStoryboardName = LaunchScreen;
				INFOPLIST_KEY_UIMainStoryboardFile = Main;
				INFOPLIST_KEY_UISupportedInterfaceOrientations_iPad = "UIInterfaceOrientationPortrait UIInterfaceOrientationPortraitUpsideDown UIInterfaceOrientationLandscapeLeft UIInterfaceOrientationLandscapeRight";
				INFOPLIST_KEY_UISupportedInterfaceOrientations_iPhone = "UIInterfaceOrientationPortrait UIInterfaceOrientationLandscapeLeft UIInterfaceOrientationLandscapeRight";
				LD_RUNPATH_SEARCH_PATHS = (
					"$(inherited)",
					"@executable_path/Frameworks",
				);
				MARKETING_VERSION = 1.0;
				PRODUCT_BUNDLE_IDENTIFIER = edu.gmu.ArtistRec;
				PRODUCT_NAME = "$(TARGET_NAME)";
				SWIFT_EMIT_LOC_STRINGS = YES;
				SWIFT_VERSION = 5.0;
				TARGETED_DEVICE_FAMILY = "1,2";
			};
			name = Debug;
		};
		7557E7872BB9D98E00BF2FB7 /* Release */ = {
			isa = XCBuildConfiguration;
			buildSettings = {
				ASSETCATALOG_COMPILER_APPICON_NAME = AppIcon;
				ASSETCATALOG_COMPILER_GLOBAL_ACCENT_COLOR_NAME = AccentColor;
				CODE_SIGN_STYLE = Automatic;
				CURRENT_PROJECT_VERSION = 1;
				GENERATE_INFOPLIST_FILE = YES;
				INFOPLIST_FILE = ArtistRec/Info.plist;
				INFOPLIST_KEY_UIApplicationSupportsIndirectInputEvents = YES;
				INFOPLIST_KEY_UILaunchStoryboardName = LaunchScreen;
				INFOPLIST_KEY_UIMainStoryboardFile = Main;
				INFOPLIST_KEY_UISupportedInterfaceOrientations_iPad = "UIInterfaceOrientationPortrait UIInterfaceOrientationPortraitUpsideDown UIInterfaceOrientationLandscapeLeft UIInterfaceOrientationLandscapeRight";
				INFOPLIST_KEY_UISupportedInterfaceOrientations_iPhone = "UIInterfaceOrientationPortrait UIInterfaceOrientationLandscapeLeft UIInterfaceOrientationLandscapeRight";
				LD_RUNPATH_SEARCH_PATHS = (
					"$(inherited)",
					"@executable_path/Frameworks",
				);
				MARKETING_VERSION = 1.0;
				PRODUCT_BUNDLE_IDENTIFIER = edu.gmu.ArtistRec;
				PRODUCT_NAME = "$(TARGET_NAME)";
				SWIFT_EMIT_LOC_STRINGS = YES;
				SWIFT_VERSION = 5.0;
				TARGETED_DEVICE_FAMILY = "1,2";
			};
			name = Release;
		};
/* End XCBuildConfiguration section */

/* Begin XCConfigurationList section */
		7557E76C2BB9D98D00BF2FB7 /* Build configuration list for PBXProject "ArtistRec" */ = {
			isa = XCConfigurationList;
			buildConfigurations = (
				7557E7832BB9D98E00BF2FB7 /* Debug */,
				7557E7842BB9D98E00BF2FB7 /* Release */,
			);
			defaultConfigurationIsVisible = 0;
			defaultConfigurationName = Release;
		};
		7557E7852BB9D98E00BF2FB7 /* Build configuration list for PBXNativeTarget "ArtistRec" */ = {
			isa = XCConfigurationList;
			buildConfigurations = (
				7557E7862BB9D98E00BF2FB7 /* Debug */,
				7557E7872BB9D98E00BF2FB7 /* Release */,
			);
			defaultConfigurationIsVisible = 0;
			defaultConfigurationName = Release;
		};
/* End XCConfigurationList section */
	};
	rootObject = 7557E7692BB9D98D00BF2FB7 /* Project object */;
}
